// !$*UTF8*$!
{
	archiveVersion = 1;
	classes = {
	};
	objectVersion = 45;
	objects = {

/* Begin PBXBuildFile section */
		2F7446C30DB6CCE400F9684A /* MainMenu.xib in Resources */ = {isa = PBXBuildFile; fileRef = 2F7446BF0DB6CCE400F9684A /* MainMenu.xib */; };
		2F7446C40DB6CCE400F9684A /* MyDocument.xib in Resources */ = {isa = PBXBuildFile; fileRef = 2F7446C10DB6CCE400F9684A /* MyDocument.xib */; };
		514E9E12081EC6B8009B8CD9 /* GetMetadataForFile.c in Sources */ = {isa = PBXBuildFile; fileRef = 514E9E10081EC6B8009B8CD9 /* GetMetadataForFile.c */; };
		514E9E13081EC6B8009B8CD9 /* main.c in Sources */ = {isa = PBXBuildFile; fileRef = 514E9E11081EC6B8009B8CD9 /* main.c */; };
		514E9E2E081EC793009B8CD9 /* CoreServices.framework in Frameworks */ = {isa = PBXBuildFile; fileRef = 514E9E2D081EC793009B8CD9 /* CoreServices.framework */; };
		514EA010081EC7AA009B8CD9 /* Foundation.framework in Frameworks */ = {isa = PBXBuildFile; fileRef = 2A37F4C5FDCFA73011CA2CEA /* Foundation.framework */; };
		514EA011081EC7AB009B8CD9 /* CoreData.framework in Frameworks */ = {isa = PBXBuildFile; fileRef = 7788DA0506752A1600599AAD /* CoreData.framework */; };
		514EA015081EC7C3009B8CD9 /* CoreFoundation.framework in Frameworks */ = {isa = PBXBuildFile; fileRef = 514EA014081EC7C3009B8CD9 /* CoreFoundation.framework */; };
		514EA082081ECB54009B8CD9 /* DepartmentAndEmployees.mdimporter in CopyFiles */ = {isa = PBXBuildFile; fileRef = 514E9DF9081EBF9C009B8CD9 /* DepartmentAndEmployees.mdimporter */; };
		775BDEF1067A8BF0009058FE /* MyDocument.xcdatamodel in Sources */ = {isa = PBXBuildFile; fileRef = 775BDEF0067A8BF0009058FE /* MyDocument.xcdatamodel */; };
		775DFF38067A968500C5B868 /* Cocoa.framework in Frameworks */ = {isa = PBXBuildFile; fileRef = 1058C7A7FEA54F5311CA2CBB /* Cocoa.framework */; };
		8D15AC2C0486D014006FF6A4 /* Credits.rtf in Resources */ = {isa = PBXBuildFile; fileRef = 2A37F4B9FDCFA73011CA2CEA /* Credits.rtf */; };
		8D15AC2F0486D014006FF6A4 /* InfoPlist.strings in Resources */ = {isa = PBXBuildFile; fileRef = 089C165FFE840EACC02AAC07 /* InfoPlist.strings */; };
		8D15AC310486D014006FF6A4 /* MyDocument.m in Sources */ = {isa = PBXBuildFile; fileRef = 2A37F4ACFDCFA73011CA2CEA /* MyDocument.m */; settings = {ATTRIBUTES = (); }; };
		8D15AC320486D014006FF6A4 /* main.m in Sources */ = {isa = PBXBuildFile; fileRef = 2A37F4B0FDCFA73011CA2CEA /* main.m */; settings = {ATTRIBUTES = (); }; };
		9195DC0D1045B061006B1044 /* Employee.m in Sources */ = {isa = PBXBuildFile; fileRef = 9195DC0C1045B061006B1044 /* Employee.m */; };
/* End PBXBuildFile section */

/* Begin PBXContainerItemProxy section */
		514EA066081EC8BF009B8CD9 /* PBXContainerItemProxy */ = {
			isa = PBXContainerItemProxy;
			containerPortal = 2A37F4A9FDCFA73011CA2CEA /* Project object */;
			proxyType = 1;
			remoteGlobalIDString = 514E9DF8081EBF9C009B8CD9;
			remoteInfo = "DepartmentAndEmployees Spotlight Importer";
		};
/* End PBXContainerItemProxy section */

/* Begin PBXCopyFilesBuildPhase section */
		514EA07C081ECB3F009B8CD9 /* CopyFiles */ = {
			isa = PBXCopyFilesBuildPhase;
			buildActionMask = 2147483647;
			dstPath = ../Library/Spotlight;
			dstSubfolderSpec = 7;
			files = (
				514EA082081ECB54009B8CD9 /* DepartmentAndEmployees.mdimporter in CopyFiles */,
			);
			runOnlyForDeploymentPostprocessing = 0;
		};
/* End PBXCopyFilesBuildPhase section */

/* Begin PBXFileReference section */
		089C1660FE840EACC02AAC07 /* English */ = {isa = PBXFileReference; fileEncoding = 10; lastKnownFileType = text.plist.strings; name = English; path = English.lproj/InfoPlist.strings; sourceTree = "<group>"; };
		1058C7A7FEA54F5311CA2CBB /* Cocoa.framework */ = {isa = PBXFileReference; lastKnownFileType = wrapper.framework; name = Cocoa.framework; path = /System/Library/Frameworks/Cocoa.framework; sourceTree = "<absolute>"; };
		2A37F4ACFDCFA73011CA2CEA /* MyDocument.m */ = {isa = PBXFileReference; fileEncoding = 4; lastKnownFileType = sourcecode.c.objc; path = MyDocument.m; sourceTree = "<group>"; };
		2A37F4AEFDCFA73011CA2CEA /* MyDocument.h */ = {isa = PBXFileReference; fileEncoding = 4; lastKnownFileType = sourcecode.c.h; path = MyDocument.h; sourceTree = "<group>"; };
		2A37F4B0FDCFA73011CA2CEA /* main.m */ = {isa = PBXFileReference; fileEncoding = 4; lastKnownFileType = sourcecode.c.objc; path = main.m; sourceTree = "<group>"; };
		2A37F4BAFDCFA73011CA2CEA /* English */ = {isa = PBXFileReference; lastKnownFileType = text.rtf; name = English; path = English.lproj/Credits.rtf; sourceTree = "<group>"; };
		2A37F4C4FDCFA73011CA2CEA /* AppKit.framework */ = {isa = PBXFileReference; lastKnownFileType = wrapper.framework; name = AppKit.framework; path = /System/Library/Frameworks/AppKit.framework; sourceTree = "<absolute>"; };
		2A37F4C5FDCFA73011CA2CEA /* Foundation.framework */ = {isa = PBXFileReference; lastKnownFileType = wrapper.framework; name = Foundation.framework; path = /System/Library/Frameworks/Foundation.framework; sourceTree = "<absolute>"; };
		2F7446C00DB6CCE400F9684A /* English */ = {isa = PBXFileReference; lastKnownFileType = file.xib; name = English; path = English.lproj/MainMenu.xib; sourceTree = "<group>"; };
		2F7446C20DB6CCE400F9684A /* English */ = {isa = PBXFileReference; lastKnownFileType = file.xib; name = English; path = English.lproj/MyDocument.xib; sourceTree = "<group>"; };
		32DBCF750370BD2300C91783 /* DepartmentAndEmployees_Prefix.pch */ = {isa = PBXFileReference; fileEncoding = 4; lastKnownFileType = sourcecode.c.h; path = DepartmentAndEmployees_Prefix.pch; sourceTree = "<group>"; };
		514E9DF9081EBF9C009B8CD9 /* DepartmentAndEmployees.mdimporter */ = {isa = PBXFileReference; explicitFileType = wrapper.cfbundle; includeInIndex = 0; path = DepartmentAndEmployees.mdimporter; sourceTree = BUILT_PRODUCTS_DIR; };
		514E9DFA081EBF9C009B8CD9 /* Importer-Info.plist */ = {isa = PBXFileReference; lastKnownFileType = text.plist.xml; name = "Importer-Info.plist"; path = "Importer/Importer-Info.plist"; sourceTree = "<group>"; };
		514E9E10081EC6B8009B8CD9 /* GetMetadataForFile.c */ = {isa = PBXFileReference; explicitFileType = sourcecode.c.objc; fileEncoding = 30; name = GetMetadataForFile.c; path = Importer/GetMetadataForFile.c; sourceTree = "<group>"; };
		514E9E11081EC6B8009B8CD9 /* main.c */ = {isa = PBXFileReference; fileEncoding = 30; lastKnownFileType = sourcecode.c.c; name = main.c; path = Importer/main.c; sourceTree = "<group>"; };
		514E9E16081EC6D5009B8CD9 /* Importer Read Me.txt */ = {isa = PBXFileReference; fileEncoding = 30; lastKnownFileType = text; name = "Importer Read Me.txt"; path = "Importer/Importer Read Me.txt"; sourceTree = "<group>"; };
		514E9E2D081EC793009B8CD9 /* CoreServices.framework */ = {isa = PBXFileReference; lastKnownFileType = wrapper.framework; name = CoreServices.framework; path = /System/Library/Frameworks/CoreServices.framework; sourceTree = "<absolute>"; };
		514EA014081EC7C3009B8CD9 /* CoreFoundation.framework */ = {isa = PBXFileReference; lastKnownFileType = wrapper.framework; name = CoreFoundation.framework; path = /System/Library/Frameworks/CoreFoundation.framework; sourceTree = "<absolute>"; };
		775BDEF0067A8BF0009058FE /* MyDocument.xcdatamodel */ = {isa = PBXFileReference; fileEncoding = 4; lastKnownFileType = wrapper.xcdatamodel; path = MyDocument.xcdatamodel; sourceTree = "<group>"; };
		7788DA0506752A1600599AAD /* CoreData.framework */ = {isa = PBXFileReference; lastKnownFileType = wrapper.framework; name = CoreData.framework; path = /System/Library/Frameworks/CoreData.framework; sourceTree = "<absolute>"; };
		8D15AC360486D014006FF6A4 /* DepartmentAndEmployees-Info.plist */ = {isa = PBXFileReference; explicitFileType = text.plist.xml; fileEncoding = 4; path = "DepartmentAndEmployees-Info.plist"; sourceTree = "<group>"; };
		8D15AC370486D014006FF6A4 /* DepartmentAndEmployees.app */ = {isa = PBXFileReference; explicitFileType = wrapper.application; includeInIndex = 0; path = DepartmentAndEmployees.app; sourceTree = BUILT_PRODUCTS_DIR; };
		9195DC0B1045B061006B1044 /* Employee.h */ = {isa = PBXFileReference; fileEncoding = 4; lastKnownFileType = sourcecode.c.h; path = Employee.h; sourceTree = "<group>"; };
		9195DC0C1045B061006B1044 /* Employee.m */ = {isa = PBXFileReference; fileEncoding = 4; lastKnownFileType = sourcecode.c.objc; path = Employee.m; sourceTree = "<group>"; };
/* End PBXFileReference section */

/* Begin PBXFrameworksBuildPhase section */
		514E9DF7081EBF9C009B8CD9 /* Frameworks */ = {
			isa = PBXFrameworksBuildPhase;
			buildActionMask = 2147483647;
			files = (
				514EA015081EC7C3009B8CD9 /* CoreFoundation.framework in Frameworks */,
				514EA011081EC7AB009B8CD9 /* CoreData.framework in Frameworks */,
				514EA010081EC7AA009B8CD9 /* Foundation.framework in Frameworks */,
				514E9E2E081EC793009B8CD9 /* CoreServices.framework in Frameworks */,
			);
			runOnlyForDeploymentPostprocessing = 0;
		};
		8D15AC330486D014006FF6A4 /* Frameworks */ = {
			isa = PBXFrameworksBuildPhase;
			buildActionMask = 2147483647;
			files = (
				775DFF38067A968500C5B868 /* Cocoa.framework in Frameworks */,
			);
			runOnlyForDeploymentPostprocessing = 0;
		};
/* End PBXFrameworksBuildPhase section */

/* Begin PBXGroup section */
		1058C7A6FEA54F5311CA2CBB /* Linked Frameworks */ = {
			isa = PBXGroup;
			children = (
				1058C7A7FEA54F5311CA2CBB /* Cocoa.framework */,
				514EA014081EC7C3009B8CD9 /* CoreFoundation.framework */,
				514E9E2D081EC793009B8CD9 /* CoreServices.framework */,
				2A37F4C5FDCFA73011CA2CEA /* Foundation.framework */,
				7788DA0506752A1600599AAD /* CoreData.framework */,
			);
			name = "Linked Frameworks";
			sourceTree = "<group>";
		};
		1058C7A8FEA54F5311CA2CBB /* Other Frameworks */ = {
			isa = PBXGroup;
			children = (
				2A37F4C4FDCFA73011CA2CEA /* AppKit.framework */,
			);
			name = "Other Frameworks";
			sourceTree = "<group>";
		};
		19C28FB0FE9D524F11CA2CBB /* Products */ = {
			isa = PBXGroup;
			children = (
				8D15AC370486D014006FF6A4 /* DepartmentAndEmployees.app */,
				514E9DF9081EBF9C009B8CD9 /* DepartmentAndEmployees.mdimporter */,
			);
			name = Products;
			sourceTree = "<group>";
		};
		2A37F4AAFDCFA73011CA2CEA /* DepartmentAndEmployees */ = {
			isa = PBXGroup;
			children = (
				E1B74B1A0667B4A90069E3BA /* Models */,
				2A37F4ABFDCFA73011CA2CEA /* Classes */,
				2A37F4AFFDCFA73011CA2CEA /* Other Sources */,
				2A37F4B8FDCFA73011CA2CEA /* Resources */,
				2A37F4C3FDCFA73011CA2CEA /* Frameworks */,
				19C28FB0FE9D524F11CA2CBB /* Products */,
				514E9E16081EC6D5009B8CD9 /* Importer Read Me.txt */,
			);
			name = DepartmentAndEmployees;
			sourceTree = "<group>";
		};
		2A37F4ABFDCFA73011CA2CEA /* Classes */ = {
			isa = PBXGroup;
			children = (
				2A37F4AEFDCFA73011CA2CEA /* MyDocument.h */,
				2A37F4ACFDCFA73011CA2CEA /* MyDocument.m */,
				514E9E0C081EC698009B8CD9 /* Importer */,
			);
			name = Classes;
			sourceTree = "<group>";
		};
		2A37F4AFFDCFA73011CA2CEA /* Other Sources */ = {
			isa = PBXGroup;
			children = (
				32DBCF750370BD2300C91783 /* DepartmentAndEmployees_Prefix.pch */,
				2A37F4B0FDCFA73011CA2CEA /* main.m */,
			);
			name = "Other Sources";
			sourceTree = "<group>";
		};
		2A37F4B8FDCFA73011CA2CEA /* Resources */ = {
			isa = PBXGroup;
			children = (
				2F7446BF0DB6CCE400F9684A /* MainMenu.xib */,
				2F7446C10DB6CCE400F9684A /* MyDocument.xib */,
				2A37F4B9FDCFA73011CA2CEA /* Credits.rtf */,
				8D15AC360486D014006FF6A4 /* DepartmentAndEmployees-Info.plist */,
				089C165FFE840EACC02AAC07 /* InfoPlist.strings */,
				514E9DFA081EBF9C009B8CD9 /* Importer-Info.plist */,
			);
			name = Resources;
			sourceTree = "<group>";
		};
		2A37F4C3FDCFA73011CA2CEA /* Frameworks */ = {
			isa = PBXGroup;
			children = (
				1058C7A6FEA54F5311CA2CBB /* Linked Frameworks */,
				1058C7A8FEA54F5311CA2CBB /* Other Frameworks */,
			);
			name = Frameworks;
			sourceTree = "<group>";
		};
		514E9E0C081EC698009B8CD9 /* Importer */ = {
			isa = PBXGroup;
			children = (
				514E9E11081EC6B8009B8CD9 /* main.c */,
				514E9E10081EC6B8009B8CD9 /* GetMetadataForFile.c */,
			);
			name = Importer;
			sourceTree = "<group>";
		};
		E1B74B1A0667B4A90069E3BA /* Models */ = {
			isa = PBXGroup;
			children = (
				9195DC0B1045B061006B1044 /* Employee.h */,
				9195DC0C1045B061006B1044 /* Employee.m */,
				775BDEF0067A8BF0009058FE /* MyDocument.xcdatamodel */,
			);
			name = Models;
			sourceTree = "<group>";
		};
/* End PBXGroup section */

/* Begin PBXNativeTarget section */
		514E9DF8081EBF9C009B8CD9 /* DepartmentAndEmployees Spotlight Importer */ = {
			isa = PBXNativeTarget;
			buildConfigurationList = 26FC0AC60875C91100E6366F /* Build configuration list for PBXNativeTarget "DepartmentAndEmployees Spotlight Importer" */;
			buildPhases = (
				514E9DF5081EBF9C009B8CD9 /* Resources */,
				514E9DF6081EBF9C009B8CD9 /* Sources */,
				514E9DF7081EBF9C009B8CD9 /* Frameworks */,
			);
			buildRules = (
			);
			dependencies = (
			);
			name = "DepartmentAndEmployees Spotlight Importer";
			productName = "DepartmentAndEmployees Spotlight Importer";
			productReference = 514E9DF9081EBF9C009B8CD9 /* DepartmentAndEmployees.mdimporter */;
			productType = "com.apple.product-type.bundle";
		};
		8D15AC270486D014006FF6A4 /* DepartmentAndEmployees */ = {
			isa = PBXNativeTarget;
			buildConfigurationList = 26FC0ACA0875C91100E6366F /* Build configuration list for PBXNativeTarget "DepartmentAndEmployees" */;
			buildPhases = (
				8D15AC2B0486D014006FF6A4 /* Resources */,
				8D15AC300486D014006FF6A4 /* Sources */,
				8D15AC330486D014006FF6A4 /* Frameworks */,
				514EA07C081ECB3F009B8CD9 /* CopyFiles */,
			);
			buildRules = (
			);
			dependencies = (
				514EA067081EC8BF009B8CD9 /* PBXTargetDependency */,
			);
			name = DepartmentAndEmployees;
			productInstallPath = "$(HOME)/Applications";
			productName = DepartmentAndEmployees;
			productReference = 8D15AC370486D014006FF6A4 /* DepartmentAndEmployees.app */;
			productType = "com.apple.product-type.application";
		};
/* End PBXNativeTarget section */

/* Begin PBXProject section */
		2A37F4A9FDCFA73011CA2CEA /* Project object */ = {
			isa = PBXProject;
			buildConfigurationList = 26FC0ACE0875C91100E6366F /* Build configuration list for PBXProject "DepartmentAndEmployees" */;
			compatibilityVersion = "Xcode 3.1";
			hasScannedForEncodings = 1;
			mainGroup = 2A37F4AAFDCFA73011CA2CEA /* DepartmentAndEmployees */;
			projectDirPath = "";
			projectRoot = "";
			targets = (
				8D15AC270486D014006FF6A4 /* DepartmentAndEmployees */,
				514E9DF8081EBF9C009B8CD9 /* DepartmentAndEmployees Spotlight Importer */,
			);
		};
/* End PBXProject section */

/* Begin PBXResourcesBuildPhase section */
		514E9DF5081EBF9C009B8CD9 /* Resources */ = {
			isa = PBXResourcesBuildPhase;
			buildActionMask = 2147483647;
			files = (
			);
			runOnlyForDeploymentPostprocessing = 0;
		};
		8D15AC2B0486D014006FF6A4 /* Resources */ = {
			isa = PBXResourcesBuildPhase;
			buildActionMask = 2147483647;
			files = (
				8D15AC2C0486D014006FF6A4 /* Credits.rtf in Resources */,
				8D15AC2F0486D014006FF6A4 /* InfoPlist.strings in Resources */,
				2F7446C30DB6CCE400F9684A /* MainMenu.xib in Resources */,
				2F7446C40DB6CCE400F9684A /* MyDocument.xib in Resources */,
			);
			runOnlyForDeploymentPostprocessing = 0;
		};
/* End PBXResourcesBuildPhase section */

/* Begin PBXSourcesBuildPhase section */
		514E9DF6081EBF9C009B8CD9 /* Sources */ = {
			isa = PBXSourcesBuildPhase;
			buildActionMask = 2147483647;
			files = (
				514E9E12081EC6B8009B8CD9 /* GetMetadataForFile.c in Sources */,
				514E9E13081EC6B8009B8CD9 /* main.c in Sources */,
			);
			runOnlyForDeploymentPostprocessing = 0;
		};
		8D15AC300486D014006FF6A4 /* Sources */ = {
			isa = PBXSourcesBuildPhase;
			buildActionMask = 2147483647;
			files = (
				8D15AC310486D014006FF6A4 /* MyDocument.m in Sources */,
				8D15AC320486D014006FF6A4 /* main.m in Sources */,
				775BDEF1067A8BF0009058FE /* MyDocument.xcdatamodel in Sources */,
				9195DC0D1045B061006B1044 /* Employee.m in Sources */,
			);
			runOnlyForDeploymentPostprocessing = 0;
		};
/* End PBXSourcesBuildPhase section */

/* Begin PBXTargetDependency section */
		514EA067081EC8BF009B8CD9 /* PBXTargetDependency */ = {
			isa = PBXTargetDependency;
			target = 514E9DF8081EBF9C009B8CD9 /* DepartmentAndEmployees Spotlight Importer */;
			targetProxy = 514EA066081EC8BF009B8CD9 /* PBXContainerItemProxy */;
		};
/* End PBXTargetDependency section */

/* Begin PBXVariantGroup section */
		089C165FFE840EACC02AAC07 /* InfoPlist.strings */ = {
			isa = PBXVariantGroup;
			children = (
				089C1660FE840EACC02AAC07 /* English */,
			);
			name = InfoPlist.strings;
			sourceTree = "<group>";
		};
		2A37F4B9FDCFA73011CA2CEA /* Credits.rtf */ = {
			isa = PBXVariantGroup;
			children = (
				2A37F4BAFDCFA73011CA2CEA /* English */,
			);
			name = Credits.rtf;
			sourceTree = "<group>";
		};
		2F7446BF0DB6CCE400F9684A /* MainMenu.xib */ = {
			isa = PBXVariantGroup;
			children = (
				2F7446C00DB6CCE400F9684A /* English */,
			);
			name = MainMenu.xib;
			sourceTree = "<group>";
		};
		2F7446C10DB6CCE400F9684A /* MyDocument.xib */ = {
			isa = PBXVariantGroup;
			children = (
				2F7446C20DB6CCE400F9684A /* English */,
			);
			name = MyDocument.xib;
			sourceTree = "<group>";
		};
/* End PBXVariantGroup section */

/* Begin XCBuildConfiguration section */
		26FC0AC70875C91100E6366F /* Debug */ = {
			isa = XCBuildConfiguration;
			buildSettings = {
				ARCHS = "$(ARCHS_STANDARD_32_64_BIT)";
				COPY_PHASE_STRIP = NO;
				GCC_DYNAMIC_NO_PIC = NO;
				GCC_ENABLE_FIX_AND_CONTINUE = YES;
				GCC_MODEL_TUNING = G5;
				GCC_OPTIMIZATION_LEVEL = 0;
				GCC_PRECOMPILE_PREFIX_HEADER = NO;
				INFOPLIST_FILE = "Importer/Importer-Info.plist";
				INSTALL_PATH = "@executable_path/../Contents/Library/Spotlight";
				LIBRARY_STYLE = BUNDLE;
				PRODUCT_NAME = DepartmentAndEmployees;
				SKIP_INSTALL = YES;
				WRAPPER_EXTENSION = mdimporter;
			};
			name = Debug;
		};
		26FC0AC80875C91100E6366F /* Release */ = {
			isa = XCBuildConfiguration;
			buildSettings = {
				DEBUG_INFORMATION_FORMAT = "dwarf-with-dsym";
				GCC_MODEL_TUNING = G5;
				GCC_PRECOMPILE_PREFIX_HEADER = NO;
				INFOPLIST_FILE = "Importer/Importer-Info.plist";
				INSTALL_PATH = "@executable_path/../Contents/Library/Spotlight";
				LIBRARY_STYLE = BUNDLE;
				PRODUCT_NAME = DepartmentAndEmployees;
				SKIP_INSTALL = YES;
				WRAPPER_EXTENSION = mdimporter;
			};
			name = Release;
		};
		26FC0ACB0875C91100E6366F /* Debug */ = {
			isa = XCBuildConfiguration;
			buildSettings = {
				ARCHS = "$(ARCHS_STANDARD_32_64_BIT)";
				COPY_PHASE_STRIP = NO;
				GCC_DYNAMIC_NO_PIC = NO;
				GCC_ENABLE_FIX_AND_CONTINUE = YES;
				GCC_ENABLE_OBJC_EXCEPTIONS = YES;
				GCC_MODEL_TUNING = G5;
				GCC_OPTIMIZATION_LEVEL = 0;
				GCC_PRECOMPILE_PREFIX_HEADER = YES;
				GCC_PREFIX_HEADER = DepartmentAndEmployees_Prefix.pch;
				INFOPLIST_FILE = "DepartmentAndEmployees-Info.plist";
				INSTALL_PATH = "$(HOME)/Applications";
				MACOSX_DEPLOYMENT_TARGET = 10.5;
				PRODUCT_NAME = DepartmentAndEmployees;
				WRAPPER_EXTENSION = app;
			};
			name = Debug;
		};
		26FC0ACC0875C91100E6366F /* Release */ = {
			isa = XCBuildConfiguration;
			buildSettings = {
				DEBUG_INFORMATION_FORMAT = "dwarf-with-dsym";
				GCC_ENABLE_OBJC_EXCEPTIONS = YES;
				GCC_MODEL_TUNING = G5;
				GCC_PRECOMPILE_PREFIX_HEADER = YES;
				GCC_PREFIX_HEADER = DepartmentAndEmployees_Prefix.pch;
				INFOPLIST_FILE = "DepartmentAndEmployees-Info.plist";
				INSTALL_PATH = "$(HOME)/Applications";
				MACOSX_DEPLOYMENT_TARGET = 10.5;
				PRODUCT_NAME = DepartmentAndEmployees;
				WRAPPER_EXTENSION = app;
			};
			name = Release;
		};
		26FC0ACF0875C91100E6366F /* Debug */ = {
			isa = XCBuildConfiguration;
			buildSettings = {
				ARCHS = "$(ARCHS_STANDARD_32_64_BIT)";
				GCC_C_LANGUAGE_STANDARD = gnu99;
				GCC_WARN_ABOUT_RETURN_TYPE = YES;
				GCC_WARN_UNUSED_VARIABLE = YES;
				ONLY_ACTIVE_ARCH = YES;
				PREBINDING = NO;
				SDKROOT = macosx10.6;
				VALID_ARCHS = "i386 x86_64";
			};
			name = Debug;
		};
		26FC0AD00875C91100E6366F /* Release */ = {
			isa = XCBuildConfiguration;
			buildSettings = {
				ARCHS = "$(ARCHS_STANDARD_32_64_BIT)";
				GCC_C_LANGUAGE_STANDARD = gnu99;
				GCC_WARN_ABOUT_RETURN_TYPE = YES;
				GCC_WARN_UNUSED_VARIABLE = YES;
				ONLY_ACTIVE_ARCH = NO;
				PREBINDING = NO;
				SDKROOT = macosx10.6;
				VALID_ARCHS = "i386 x86_64";
			};
			name = Release;
		};
/* End XCBuildConfiguration section */

/* Begin XCConfigurationList section */
		26FC0AC60875C91100E6366F /* Build configuration list for PBXNativeTarget "DepartmentAndEmployees Spotlight Importer" */ = {
			isa = XCConfigurationList;
			buildConfigurations = (
				26FC0AC70875C91100E6366F /* Debug */,
				26FC0AC80875C91100E6366F /* Release */,
			);
			defaultConfigurationIsVisible = 0;
			defaultConfigurationName = Release;
		};
		26FC0ACA0875C91100E6366F /* Build configuration list for PBXNativeTarget "DepartmentAndEmployees" */ = {
			isa = XCConfigurationList;
			buildConfigurations = (
				26FC0ACB0875C91100E6366F /* Debug */,
				26FC0ACC0875C91100E6366F /* Release */,
			);
			defaultConfigurationIsVisible = 0;
			defaultConfigurationName = Release;
		};
		26FC0ACE0875C91100E6366F /* Build configuration list for PBXProject "DepartmentAndEmployees" */ = {
			isa = XCConfigurationList;
			buildConfigurations = (
				26FC0ACF0875C91100E6366F /* Debug */,
				26FC0AD00875C91100E6366F /* Release */,
			);
			defaultConfigurationIsVisible = 0;
			defaultConfigurationName = Release;
		};
/* End XCConfigurationList section */
	};
	rootObject = 2A37F4A9FDCFA73011CA2CEA /* Project object */;
}
