
Microsoft Visual Studio Solution File, Format Version 12.00
# Visual Studio 15
VisualStudioVersion = 15.0.26124.0
MinimumVisualStudioVersion = 15.0.26124.0
Project("{FAE04EC0-301F-11D3-BF4B-00C04F79EFBC}") = "hello", "hello\hello.csproj", "{9BE847DC-C745-442B-96D8-C6EF8A3B5312}"
EndProject
Project("{FAE04EC0-301F-11D3-BF4B-00C04F79EFBC}") = "logic", "logic\logic.csproj", "{C30B9146-E643-4D99-9DC3-97FF8F578F36}"
EndProject
Project("{FAE04EC0-301F-11D3-BF4B-00C04F79EFBC}") = "tests", "tests\tests.csproj", "{A9E24BB8-F657-499F-8692-909C99A2A7AF}"
EndProject
Project("{FAE04EC0-301F-11D3-BF4B-00C04F79EFBC}") = "web", "web\web.csproj", "{817F7705-7201-49DC-B504-99AE950907D5}"
EndProject
Global
	GlobalSection(SolutionConfigurationPlatforms) = preSolution
		Debug|Any CPU = Debug|Any CPU
		Debug|x64 = Debug|x64
		Debug|x86 = Debug|x86
		Release|Any CPU = Release|Any CPU
		Release|x64 = Release|x64
		Release|x86 = Release|x86
	EndGlobalSection
	GlobalSection(SolutionProperties) = preSolution
		HideSolutionNode = FALSE
	EndGlobalSection
	GlobalSection(ProjectConfigurationPlatforms) = postSolution
		{9BE847DC-C745-442B-96D8-C6EF8A3B5312}.Debug|Any CPU.ActiveCfg = Debug|Any CPU
		{9BE847DC-C745-442B-96D8-C6EF8A3B5312}.Debug|Any CPU.Build.0 = Debug|Any CPU
		{9BE847DC-C745-442B-96D8-C6EF8A3B5312}.Debug|x64.ActiveCfg = Debug|x64
		{9BE847DC-C745-442B-96D8-C6EF8A3B5312}.Debug|x64.Build.0 = Debug|x64
		{9BE847DC-C745-442B-96D8-C6EF8A3B5312}.Debug|x86.ActiveCfg = Debug|x86
		{9BE847DC-C745-442B-96D8-C6EF8A3B5312}.Debug|x86.Build.0 = Debug|x86
		{9BE847DC-C745-442B-96D8-C6EF8A3B5312}.Release|Any CPU.ActiveCfg = Release|Any CPU
		{9BE847DC-C745-442B-96D8-C6EF8A3B5312}.Release|Any CPU.Build.0 = Release|Any CPU
		{9BE847DC-C745-442B-96D8-C6EF8A3B5312}.Release|x64.ActiveCfg = Release|x64
		{9BE847DC-C745-442B-96D8-C6EF8A3B5312}.Release|x64.Build.0 = Release|x64
		{9BE847DC-C745-442B-96D8-C6EF8A3B5312}.Release|x86.ActiveCfg = Release|x86
		{9BE847DC-C745-442B-96D8-C6EF8A3B5312}.Release|x86.Build.0 = Release|x86
		{C30B9146-E643-4D99-9DC3-97FF8F578F36}.Debug|Any CPU.ActiveCfg = Debug|Any CPU
		{C30B9146-E643-4D99-9DC3-97FF8F578F36}.Debug|Any CPU.Build.0 = Debug|Any CPU
		{C30B9146-E643-4D99-9DC3-97FF8F578F36}.Debug|x64.ActiveCfg = Debug|x64
		{C30B9146-E643-4D99-9DC3-97FF8F578F36}.Debug|x64.Build.0 = Debug|x64
		{C30B9146-E643-4D99-9DC3-97FF8F578F36}.Debug|x86.ActiveCfg = Debug|x86
		{C30B9146-E643-4D99-9DC3-97FF8F578F36}.Debug|x86.Build.0 = Debug|x86
		{C30B9146-E643-4D99-9DC3-97FF8F578F36}.Release|Any CPU.ActiveCfg = Release|Any CPU
		{C30B9146-E643-4D99-9DC3-97FF8F578F36}.Release|Any CPU.Build.0 = Release|Any CPU
		{C30B9146-E643-4D99-9DC3-97FF8F578F36}.Release|x64.ActiveCfg = Release|x64
		{C30B9146-E643-4D99-9DC3-97FF8F578F36}.Release|x64.Build.0 = Release|x64
		{C30B9146-E643-4D99-9DC3-97FF8F578F36}.Release|x86.ActiveCfg = Release|x86
		{C30B9146-E643-4D99-9DC3-97FF8F578F36}.Release|x86.Build.0 = Release|x86
		{A9E24BB8-F657-499F-8692-909C99A2A7AF}.Debug|Any CPU.ActiveCfg = Debug|Any CPU
		{A9E24BB8-F657-499F-8692-909C99A2A7AF}.Debug|Any CPU.Build.0 = Debug|Any CPU
		{A9E24BB8-F657-499F-8692-909C99A2A7AF}.Debug|x64.ActiveCfg = Debug|x64
		{A9E24BB8-F657-499F-8692-909C99A2A7AF}.Debug|x64.Build.0 = Debug|x64
		{A9E24BB8-F657-499F-8692-909C99A2A7AF}.Debug|x86.ActiveCfg = Debug|x86
		{A9E24BB8-F657-499F-8692-909C99A2A7AF}.Debug|x86.Build.0 = Debug|x86
		{A9E24BB8-F657-499F-8692-909C99A2A7AF}.Release|Any CPU.ActiveCfg = Release|Any CPU
		{A9E24BB8-F657-499F-8692-909C99A2A7AF}.Release|Any CPU.Build.0 = Release|Any CPU
		{A9E24BB8-F657-499F-8692-909C99A2A7AF}.Release|x64.ActiveCfg = Release|x64
		{A9E24BB8-F657-499F-8692-909C99A2A7AF}.Release|x64.Build.0 = Release|x64
		{A9E24BB8-F657-499F-8692-909C99A2A7AF}.Release|x86.ActiveCfg = Release|x86
		{A9E24BB8-F657-499F-8692-909C99A2A7AF}.Release|x86.Build.0 = Release|x86
		{817F7705-7201-49DC-B504-99AE950907D5}.Debug|Any CPU.ActiveCfg = Debug|Any CPU
		{817F7705-7201-49DC-B504-99AE950907D5}.Debug|Any CPU.Build.0 = Debug|Any CPU
		{817F7705-7201-49DC-B504-99AE950907D5}.Debug|x64.ActiveCfg = Debug|x64
		{817F7705-7201-49DC-B504-99AE950907D5}.Debug|x64.Build.0 = Debug|x64
		{817F7705-7201-49DC-B504-99AE950907D5}.Debug|x86.ActiveCfg = Debug|x86
		{817F7705-7201-49DC-B504-99AE950907D5}.Debug|x86.Build.0 = Debug|x86
		{817F7705-7201-49DC-B504-99AE950907D5}.Release|Any CPU.ActiveCfg = Release|Any CPU
		{817F7705-7201-49DC-B504-99AE950907D5}.Release|Any CPU.Build.0 = Release|Any CPU
		{817F7705-7201-49DC-B504-99AE950907D5}.Release|x64.ActiveCfg = Release|x64
		{817F7705-7201-49DC-B504-99AE950907D5}.Release|x64.Build.0 = Release|x64
		{817F7705-7201-49DC-B504-99AE950907D5}.Release|x86.ActiveCfg = Release|x86
		{817F7705-7201-49DC-B504-99AE950907D5}.Release|x86.Build.0 = Release|x86
	EndGlobalSection
EndGlobal
